
Microsoft Visual Studio Solution File, Format Version 12.00
# Visual Studio Version 16
VisualStudioVersion = 16.0.35026.282
MinimumVisualStudioVersion = 10.0.40219.1
Project("{9A19103F-16F7-4668-BE54-9A1E7A4F7556}") = "Practice1.Task1A", "Task.CSharpBase\Practice1.Task1A.csproj", "{789075CD-E90C-4B88-A832-0965A2AAF54F}"
EndProject
Project("{9A19103F-16F7-4668-BE54-9A1E7A4F7556}") = "Task1B", "Task1B\Task1B.csproj", "{CE2F047E-808B-404C-A932-5FB35AEFE026}"
EndProject
Project("{2150E333-8FDC-42A3-9474-1A3956D46DE8}") = "Practice1", "Practice1", "{7CCE8047-2EC4-45B2-9541-18A102BDEF4D}"
EndProject
Project("{9A19103F-16F7-4668-BE54-9A1E7A4F7556}") = "Practice1.Task2", "Task2\Practice1.Task2.csproj", "{D5E02809-2722-45AD-A0D2-CF0CC53BF76E}"
EndProject
Project("{2150E333-8FDC-42A3-9474-1A3956D46DE8}") = "Practice2", "Practice2", "{83B3A2B2-783F-4AE3-9D71-A71BC7048219}"
EndProject
Project("{9A19103F-16F7-4668-BE54-9A1E7A4F7556}") = "Practice2.Task1", "Practice2.Task1\Practice2.Task1.csproj", "{8A664A7A-2680-4D46-8D53-3644291428D8}"
EndProject
Project("{9A19103F-16F7-4668-BE54-9A1E7A4F7556}") = "Practice2.Task2", "Practice2.Task2\Practice2.Task2.csproj", "{DDF78BAF-7687-4B56-A353-4949AC6CE760}"
EndProject
Project("{9A19103F-16F7-4668-BE54-9A1E7A4F7556}") = "Practice2.Task3", "Practice2.Task3\Practice2.Task3.csproj", "{AE7048FC-7656-481C-9EBF-10766DE442F0}"
EndProject
Project("{9A19103F-16F7-4668-BE54-9A1E7A4F7556}") = "Practice2.Task4", "Practice2.Task4\Practice2.Task4.csproj", "{7F6ED535-03D8-4EF8-9039-46C30FE17BA4}"
EndProject
Project("{9A19103F-16F7-4668-BE54-9A1E7A4F7556}") = "Practice2.Task5", "Practice2.Task5\Practice2.Task5.csproj", "{C8D9247D-43B4-46B9-B3D5-3E60DD1F3CC1}"
EndProject
Project("{9A19103F-16F7-4668-BE54-9A1E7A4F7556}") = "Practice2.Task6", "Practice2.Task6\Practice2.Task6.csproj", "{3680E163-E169-47E7-AD20-F8D5CC27277A}"
EndProject
Project("{9A19103F-16F7-4668-BE54-9A1E7A4F7556}") = "Practice2.Task7", "Practice2.Task7\Practice2.Task7.csproj", "{88435DBE-0178-4539-B9FC-9711DA2F8553}"
EndProject
Project("{9A19103F-16F7-4668-BE54-9A1E7A4F7556}") = "Practice2.Task8", "Practice2.Task8\Practice2.Task8.csproj", "{FEAAB208-1942-47F4-A9A2-791DE06B53AC}"
EndProject
Project("{9A19103F-16F7-4668-BE54-9A1E7A4F7556}") = "Practice2.Task9", "Practice2.Task9\Practice2.Task9.csproj", "{A16B8F15-CB20-4332-95EA-F2185E1D3C66}"
EndProject
Project("{9A19103F-16F7-4668-BE54-9A1E7A4F7556}") = "Practice2.Task10", "Practice2.Task10\Practice2.Task10.csproj", "{600BB54C-B788-4729-A3EA-1A502D1A6FC4}"
EndProject
Project("{9A19103F-16F7-4668-BE54-9A1E7A4F7556}") = "Practice2.Task11", "Practice2.Task11\Practice2.Task11.csproj", "{C9FC7DC3-717F-4BBC-832F-BF01D05E121F}"
EndProject
Project("{9A19103F-16F7-4668-BE54-9A1E7A4F7556}") = "Practice2.Task12", "Practice2.Task12\Practice2.Task12.csproj", "{F16D35B3-1C57-4D90-8CF9-F3315B5AE7A4}"
EndProject
Project("{9A19103F-16F7-4668-BE54-9A1E7A4F7556}") = "Practice2.Task13", "Practice2.Task13\Practice2.Task13.csproj", "{C50A4128-9C50-4895-B481-DEFB38B4B841}"
EndProject
Project("{9A19103F-16F7-4668-BE54-9A1E7A4F7556}") = "Practice2.Task14", "Practice2.Task14\Practice2.Task14.csproj", "{824BCE95-A485-44DF-93AB-D659D23C18E2}"
EndProject
Project("{9A19103F-16F7-4668-BE54-9A1E7A4F7556}") = "Practice2.Task15", "Practice2.Task15\Practice2.Task15.csproj", "{3AD845FD-04F2-42E1-8282-CBB96EB343DB}"
EndProject
Project("{9A19103F-16F7-4668-BE54-9A1E7A4F7556}") = "Practice2.Task16", "Practice2.Task16\Practice2.Task16.csproj", "{08A81680-2E5C-455C-B93A-63A3A222E49E}"
EndProject
Project("{9A19103F-16F7-4668-BE54-9A1E7A4F7556}") = "Practice2.Task17", "Practice2.Task17\Practice2.Task17.csproj", "{FE2E2D10-D5E9-4C1F-A0C8-68324A168E7F}"
EndProject
Project("{9A19103F-16F7-4668-BE54-9A1E7A4F7556}") = "Practice2.Task18", "Practice2.Task18\Practice2.Task18.csproj", "{A895D70C-B85E-4F33-B6C1-28D8F4ECC37E}"
EndProject
Project("{9A19103F-16F7-4668-BE54-9A1E7A4F7556}") = "Practice2.Task19", "Practice2.Task19\Practice2.Task19.csproj", "{9CD63D40-9ADD-4B7A-A214-D3E3AEA45A84}"
EndProject
Project("{9A19103F-16F7-4668-BE54-9A1E7A4F7556}") = "Practice2.Task20", "Practice2.Task20\Practice2.Task20.csproj", "{9E8E74BF-995D-4298-B96F-DD72DBB23942}"
EndProject
Project("{9A19103F-16F7-4668-BE54-9A1E7A4F7556}") = "Practice2.Task21", "Practice2.Task21\Practice2.Task21.csproj", "{C0F72FCA-84AC-4E28-8A6A-742E2696F415}"
EndProject
Project("{9A19103F-16F7-4668-BE54-9A1E7A4F7556}") = "Practice2.Task22", "Practice2.Task22\Practice2.Task22.csproj", "{3310375B-A5CA-47E6-B925-87208B6750AD}"
EndProject
Project("{9A19103F-16F7-4668-BE54-9A1E7A4F7556}") = "Practice2.Task23", "Practice2.Task23\Practice2.Task23.csproj", "{6F372600-EADC-4736-B763-3F5F67D24A76}"
EndProject
Project("{9A19103F-16F7-4668-BE54-9A1E7A4F7556}") = "Practice2.Task24", "Practice2.Task24\Practice2.Task24.csproj", "{4BF0F80D-E978-46DD-95E2-B2176373A2B1}"
EndProject
Project("{9A19103F-16F7-4668-BE54-9A1E7A4F7556}") = "Practice2.Task25", "Practice2.Task25\Practice2.Task25.csproj", "{925416F3-36A5-49D4-AD1C-D1C1E9646B70}"
EndProject
Project("{2150E333-8FDC-42A3-9474-1A3956D46DE8}") = "Practice3", "Practice3", "{811C05BA-7E05-410D-BBBB-324C5E142BA3}"
EndProject
Project("{9A19103F-16F7-4668-BE54-9A1E7A4F7556}") = "Practice3.Task1", "Practice3.Task1\Practice3.Task1.csproj", "{D3945CF0-9C21-4E08-A96D-1D27001C7CC3}"
EndProject
Project("{9A19103F-16F7-4668-BE54-9A1E7A4F7556}") = "Practice3.Task2", "Practice3.Task2\Practice3.Task2.csproj", "{02E28D8A-8271-45E5-98E5-2A6B289F3F30}"
EndProject
Project("{9A19103F-16F7-4668-BE54-9A1E7A4F7556}") = "Practice3.Task3", "Practice3.Task3\Practice3.Task3.csproj", "{38DE8D16-4707-4877-8337-5D0457094F32}"
EndProject
Project("{9A19103F-16F7-4668-BE54-9A1E7A4F7556}") = "Practice3.Task4", "Practice3.Task4\Practice3.Task4.csproj", "{41B892E2-710A-4B75-AB23-79A4360B81C8}"
EndProject
Project("{9A19103F-16F7-4668-BE54-9A1E7A4F7556}") = "Practice3.Task5", "Practice3.Task5\Practice3.Task5.csproj", "{2FE4535E-31F2-44CA-A1E6-88F1D93CE3E5}"
EndProject
Project("{9A19103F-16F7-4668-BE54-9A1E7A4F7556}") = "Practice3.Task6", "Practice3.Task6\Practice3.Task6.csproj", "{ECAE1050-733F-465A-9ECD-DBC1C57EB61A}"
EndProject
Project("{9A19103F-16F7-4668-BE54-9A1E7A4F7556}") = "Practice3.Task7", "Practice3.Task7\Practice3.Task7.csproj", "{754CE7CA-33F5-4EE8-8AF2-499D68095BBD}"
EndProject
Project("{9A19103F-16F7-4668-BE54-9A1E7A4F7556}") = "Practice3.Task8", "Practice3.Task8\Practice3.Task8.csproj", "{2E38F74E-DDC5-496D-B61E-435D4E8A8A6F}"
EndProject
Project("{9A19103F-16F7-4668-BE54-9A1E7A4F7556}") = "Practice3.Task9", "Practice3.Task9\Practice3.Task9.csproj", "{E50290CF-17C3-4DC0-8715-A8375AB4D16E}"
EndProject
Project("{9A19103F-16F7-4668-BE54-9A1E7A4F7556}") = "Practice3.Task10", "Practice3.Task10\Practice3.Task10.csproj", "{C4AABF1F-5CD0-49B7-91E8-F84DEEA27247}"
EndProject
Project("{9A19103F-16F7-4668-BE54-9A1E7A4F7556}") = "Practice3.Task11", "Practice3.Task11\Practice3.Task11.csproj", "{CD002D5F-EE5D-4D2E-882A-07CFAF251953}"
EndProject
Project("{2150E333-8FDC-42A3-9474-1A3956D46DE8}") = "Practice4", "Practice4", "{E11F9B9F-C374-4A2A-A36D-0E98B9FB8F54}"
EndProject
Project("{FAE04EC0-301F-11D3-BF4B-00C04F79EFBC}") = "Practice4.Task1.MathHelper", "Task1.MathHelper\Practice4.Task1.MathHelper.csproj", "{DFD80BAE-11D2-4C90-B588-83A7A0175295}"
EndProject
Project("{FAE04EC0-301F-11D3-BF4B-00C04F79EFBC}") = "Practice4.Task2.MathHelperUser", "Task2.MathHelperUser\Practice4.Task2.MathHelperUser.csproj", "{0490D541-921D-40FA-A73C-7008836C2267}"
EndProject
Project("{FAE04EC0-301F-11D3-BF4B-00C04F79EFBC}") = "Practice4.Task3.1.Person", "Practice4.Task3.1.Person\Practice4.Task3.1.Person.csproj", "{38AD6D9A-9F4B-4D79-971D-0924EFC86E54}"
EndProject
Project("{FAE04EC0-301F-11D3-BF4B-00C04F79EFBC}") = "Practice4.Task3.2.PersonUse", "Practice4.Task3.2.PersonUse\Practice4.Task3.2.PersonUse.csproj", "{F2B484D9-FB04-4D6E-9FC0-B3D162D038EC}"
EndProject
Global
	GlobalSection(SolutionConfigurationPlatforms) = preSolution
		CheckIn|Any CPU = CheckIn|Any CPU
		Debug|Any CPU = Debug|Any CPU
		Release|Any CPU = Release|Any CPU
	EndGlobalSection
	GlobalSection(ProjectConfigurationPlatforms) = postSolution
		{789075CD-E90C-4B88-A832-0965A2AAF54F}.CheckIn|Any CPU.ActiveCfg = Debug|Any CPU
		{789075CD-E90C-4B88-A832-0965A2AAF54F}.CheckIn|Any CPU.Build.0 = Debug|Any CPU
		{789075CD-E90C-4B88-A832-0965A2AAF54F}.Debug|Any CPU.ActiveCfg = Debug|Any CPU
		{789075CD-E90C-4B88-A832-0965A2AAF54F}.Debug|Any CPU.Build.0 = Debug|Any CPU
		{789075CD-E90C-4B88-A832-0965A2AAF54F}.Release|Any CPU.ActiveCfg = Release|Any CPU
		{789075CD-E90C-4B88-A832-0965A2AAF54F}.Release|Any CPU.Build.0 = Release|Any CPU
		{CE2F047E-808B-404C-A932-5FB35AEFE026}.CheckIn|Any CPU.ActiveCfg = CheckIn|Any CPU
		{CE2F047E-808B-404C-A932-5FB35AEFE026}.CheckIn|Any CPU.Build.0 = CheckIn|Any CPU
		{CE2F047E-808B-404C-A932-5FB35AEFE026}.Debug|Any CPU.ActiveCfg = Debug|Any CPU
		{CE2F047E-808B-404C-A932-5FB35AEFE026}.Debug|Any CPU.Build.0 = Debug|Any CPU
		{CE2F047E-808B-404C-A932-5FB35AEFE026}.Release|Any CPU.ActiveCfg = Release|Any CPU
		{CE2F047E-808B-404C-A932-5FB35AEFE026}.Release|Any CPU.Build.0 = Release|Any CPU
		{D5E02809-2722-45AD-A0D2-CF0CC53BF76E}.CheckIn|Any CPU.ActiveCfg = Debug|Any CPU
		{D5E02809-2722-45AD-A0D2-CF0CC53BF76E}.CheckIn|Any CPU.Build.0 = Debug|Any CPU
		{D5E02809-2722-45AD-A0D2-CF0CC53BF76E}.Debug|Any CPU.ActiveCfg = Debug|Any CPU
		{D5E02809-2722-45AD-A0D2-CF0CC53BF76E}.Debug|Any CPU.Build.0 = Debug|Any CPU
		{D5E02809-2722-45AD-A0D2-CF0CC53BF76E}.Release|Any CPU.ActiveCfg = Release|Any CPU
		{D5E02809-2722-45AD-A0D2-CF0CC53BF76E}.Release|Any CPU.Build.0 = Release|Any CPU
		{8A664A7A-2680-4D46-8D53-3644291428D8}.CheckIn|Any CPU.ActiveCfg = Debug|Any CPU
		{8A664A7A-2680-4D46-8D53-3644291428D8}.CheckIn|Any CPU.Build.0 = Debug|Any CPU
		{8A664A7A-2680-4D46-8D53-3644291428D8}.Debug|Any CPU.ActiveCfg = Debug|Any CPU
		{8A664A7A-2680-4D46-8D53-3644291428D8}.Debug|Any CPU.Build.0 = Debug|Any CPU
		{8A664A7A-2680-4D46-8D53-3644291428D8}.Release|Any CPU.ActiveCfg = Release|Any CPU
		{8A664A7A-2680-4D46-8D53-3644291428D8}.Release|Any CPU.Build.0 = Release|Any CPU
		{DDF78BAF-7687-4B56-A353-4949AC6CE760}.CheckIn|Any CPU.ActiveCfg = Debug|Any CPU
		{DDF78BAF-7687-4B56-A353-4949AC6CE760}.CheckIn|Any CPU.Build.0 = Debug|Any CPU
		{DDF78BAF-7687-4B56-A353-4949AC6CE760}.Debug|Any CPU.ActiveCfg = Debug|Any CPU
		{DDF78BAF-7687-4B56-A353-4949AC6CE760}.Debug|Any CPU.Build.0 = Debug|Any CPU
		{DDF78BAF-7687-4B56-A353-4949AC6CE760}.Release|Any CPU.ActiveCfg = Release|Any CPU
		{DDF78BAF-7687-4B56-A353-4949AC6CE760}.Release|Any CPU.Build.0 = Release|Any CPU
		{AE7048FC-7656-481C-9EBF-10766DE442F0}.CheckIn|Any CPU.ActiveCfg = Debug|Any CPU
		{AE7048FC-7656-481C-9EBF-10766DE442F0}.CheckIn|Any CPU.Build.0 = Debug|Any CPU
		{AE7048FC-7656-481C-9EBF-10766DE442F0}.Debug|Any CPU.ActiveCfg = Debug|Any CPU
		{AE7048FC-7656-481C-9EBF-10766DE442F0}.Debug|Any CPU.Build.0 = Debug|Any CPU
		{AE7048FC-7656-481C-9EBF-10766DE442F0}.Release|Any CPU.ActiveCfg = Release|Any CPU
		{AE7048FC-7656-481C-9EBF-10766DE442F0}.Release|Any CPU.Build.0 = Release|Any CPU
		{7F6ED535-03D8-4EF8-9039-46C30FE17BA4}.CheckIn|Any CPU.ActiveCfg = Debug|Any CPU
		{7F6ED535-03D8-4EF8-9039-46C30FE17BA4}.CheckIn|Any CPU.Build.0 = Debug|Any CPU
		{7F6ED535-03D8-4EF8-9039-46C30FE17BA4}.Debug|Any CPU.ActiveCfg = Debug|Any CPU
		{7F6ED535-03D8-4EF8-9039-46C30FE17BA4}.Debug|Any CPU.Build.0 = Debug|Any CPU
		{7F6ED535-03D8-4EF8-9039-46C30FE17BA4}.Release|Any CPU.ActiveCfg = Release|Any CPU
		{7F6ED535-03D8-4EF8-9039-46C30FE17BA4}.Release|Any CPU.Build.0 = Release|Any CPU
		{C8D9247D-43B4-46B9-B3D5-3E60DD1F3CC1}.CheckIn|Any CPU.ActiveCfg = Debug|Any CPU
		{C8D9247D-43B4-46B9-B3D5-3E60DD1F3CC1}.CheckIn|Any CPU.Build.0 = Debug|Any CPU
		{C8D9247D-43B4-46B9-B3D5-3E60DD1F3CC1}.Debug|Any CPU.ActiveCfg = Debug|Any CPU
		{C8D9247D-43B4-46B9-B3D5-3E60DD1F3CC1}.Debug|Any CPU.Build.0 = Debug|Any CPU
		{C8D9247D-43B4-46B9-B3D5-3E60DD1F3CC1}.Release|Any CPU.ActiveCfg = Release|Any CPU
		{C8D9247D-43B4-46B9-B3D5-3E60DD1F3CC1}.Release|Any CPU.Build.0 = Release|Any CPU
		{3680E163-E169-47E7-AD20-F8D5CC27277A}.CheckIn|Any CPU.ActiveCfg = Debug|Any CPU
		{3680E163-E169-47E7-AD20-F8D5CC27277A}.CheckIn|Any CPU.Build.0 = Debug|Any CPU
		{3680E163-E169-47E7-AD20-F8D5CC27277A}.Debug|Any CPU.ActiveCfg = Debug|Any CPU
		{3680E163-E169-47E7-AD20-F8D5CC27277A}.Debug|Any CPU.Build.0 = Debug|Any CPU
		{3680E163-E169-47E7-AD20-F8D5CC27277A}.Release|Any CPU.ActiveCfg = Release|Any CPU
		{3680E163-E169-47E7-AD20-F8D5CC27277A}.Release|Any CPU.Build.0 = Release|Any CPU
		{88435DBE-0178-4539-B9FC-9711DA2F8553}.CheckIn|Any CPU.ActiveCfg = Debug|Any CPU
		{88435DBE-0178-4539-B9FC-9711DA2F8553}.CheckIn|Any CPU.Build.0 = Debug|Any CPU
		{88435DBE-0178-4539-B9FC-9711DA2F8553}.Debug|Any CPU.ActiveCfg = Debug|Any CPU
		{88435DBE-0178-4539-B9FC-9711DA2F8553}.Debug|Any CPU.Build.0 = Debug|Any CPU
		{88435DBE-0178-4539-B9FC-9711DA2F8553}.Release|Any CPU.ActiveCfg = Release|Any CPU
		{88435DBE-0178-4539-B9FC-9711DA2F8553}.Release|Any CPU.Build.0 = Release|Any CPU
		{FEAAB208-1942-47F4-A9A2-791DE06B53AC}.CheckIn|Any CPU.ActiveCfg = Debug|Any CPU
		{FEAAB208-1942-47F4-A9A2-791DE06B53AC}.CheckIn|Any CPU.Build.0 = Debug|Any CPU
		{FEAAB208-1942-47F4-A9A2-791DE06B53AC}.Debug|Any CPU.ActiveCfg = Debug|Any CPU
		{FEAAB208-1942-47F4-A9A2-791DE06B53AC}.Debug|Any CPU.Build.0 = Debug|Any CPU
		{FEAAB208-1942-47F4-A9A2-791DE06B53AC}.Release|Any CPU.ActiveCfg = Release|Any CPU
		{FEAAB208-1942-47F4-A9A2-791DE06B53AC}.Release|Any CPU.Build.0 = Release|Any CPU
		{A16B8F15-CB20-4332-95EA-F2185E1D3C66}.CheckIn|Any CPU.ActiveCfg = Debug|Any CPU
		{A16B8F15-CB20-4332-95EA-F2185E1D3C66}.CheckIn|Any CPU.Build.0 = Debug|Any CPU
		{A16B8F15-CB20-4332-95EA-F2185E1D3C66}.Debug|Any CPU.ActiveCfg = Debug|Any CPU
		{A16B8F15-CB20-4332-95EA-F2185E1D3C66}.Debug|Any CPU.Build.0 = Debug|Any CPU
		{A16B8F15-CB20-4332-95EA-F2185E1D3C66}.Release|Any CPU.ActiveCfg = Release|Any CPU
		{A16B8F15-CB20-4332-95EA-F2185E1D3C66}.Release|Any CPU.Build.0 = Release|Any CPU
		{600BB54C-B788-4729-A3EA-1A502D1A6FC4}.CheckIn|Any CPU.ActiveCfg = Debug|Any CPU
		{600BB54C-B788-4729-A3EA-1A502D1A6FC4}.CheckIn|Any CPU.Build.0 = Debug|Any CPU
		{600BB54C-B788-4729-A3EA-1A502D1A6FC4}.Debug|Any CPU.ActiveCfg = Debug|Any CPU
		{600BB54C-B788-4729-A3EA-1A502D1A6FC4}.Debug|Any CPU.Build.0 = Debug|Any CPU
		{600BB54C-B788-4729-A3EA-1A502D1A6FC4}.Release|Any CPU.ActiveCfg = Release|Any CPU
		{600BB54C-B788-4729-A3EA-1A502D1A6FC4}.Release|Any CPU.Build.0 = Release|Any CPU
		{C9FC7DC3-717F-4BBC-832F-BF01D05E121F}.CheckIn|Any CPU.ActiveCfg = Debug|Any CPU
		{C9FC7DC3-717F-4BBC-832F-BF01D05E121F}.CheckIn|Any CPU.Build.0 = Debug|Any CPU
		{C9FC7DC3-717F-4BBC-832F-BF01D05E121F}.Debug|Any CPU.ActiveCfg = Debug|Any CPU
		{C9FC7DC3-717F-4BBC-832F-BF01D05E121F}.Debug|Any CPU.Build.0 = Debug|Any CPU
		{C9FC7DC3-717F-4BBC-832F-BF01D05E121F}.Release|Any CPU.ActiveCfg = Release|Any CPU
		{C9FC7DC3-717F-4BBC-832F-BF01D05E121F}.Release|Any CPU.Build.0 = Release|Any CPU
		{F16D35B3-1C57-4D90-8CF9-F3315B5AE7A4}.CheckIn|Any CPU.ActiveCfg = Debug|Any CPU
		{F16D35B3-1C57-4D90-8CF9-F3315B5AE7A4}.CheckIn|Any CPU.Build.0 = Debug|Any CPU
		{F16D35B3-1C57-4D90-8CF9-F3315B5AE7A4}.Debug|Any CPU.ActiveCfg = Debug|Any CPU
		{F16D35B3-1C57-4D90-8CF9-F3315B5AE7A4}.Debug|Any CPU.Build.0 = Debug|Any CPU
		{F16D35B3-1C57-4D90-8CF9-F3315B5AE7A4}.Release|Any CPU.ActiveCfg = Release|Any CPU
		{F16D35B3-1C57-4D90-8CF9-F3315B5AE7A4}.Release|Any CPU.Build.0 = Release|Any CPU
		{C50A4128-9C50-4895-B481-DEFB38B4B841}.CheckIn|Any CPU.ActiveCfg = Debug|Any CPU
		{C50A4128-9C50-4895-B481-DEFB38B4B841}.CheckIn|Any CPU.Build.0 = Debug|Any CPU
		{C50A4128-9C50-4895-B481-DEFB38B4B841}.Debug|Any CPU.ActiveCfg = Debug|Any CPU
		{C50A4128-9C50-4895-B481-DEFB38B4B841}.Debug|Any CPU.Build.0 = Debug|Any CPU
		{C50A4128-9C50-4895-B481-DEFB38B4B841}.Release|Any CPU.ActiveCfg = Release|Any CPU
		{C50A4128-9C50-4895-B481-DEFB38B4B841}.Release|Any CPU.Build.0 = Release|Any CPU
		{824BCE95-A485-44DF-93AB-D659D23C18E2}.CheckIn|Any CPU.ActiveCfg = Debug|Any CPU
		{824BCE95-A485-44DF-93AB-D659D23C18E2}.CheckIn|Any CPU.Build.0 = Debug|Any CPU
		{824BCE95-A485-44DF-93AB-D659D23C18E2}.Debug|Any CPU.ActiveCfg = Debug|Any CPU
		{824BCE95-A485-44DF-93AB-D659D23C18E2}.Debug|Any CPU.Build.0 = Debug|Any CPU
		{824BCE95-A485-44DF-93AB-D659D23C18E2}.Release|Any CPU.ActiveCfg = Release|Any CPU
		{824BCE95-A485-44DF-93AB-D659D23C18E2}.Release|Any CPU.Build.0 = Release|Any CPU
		{3AD845FD-04F2-42E1-8282-CBB96EB343DB}.CheckIn|Any CPU.ActiveCfg = Debug|Any CPU
		{3AD845FD-04F2-42E1-8282-CBB96EB343DB}.CheckIn|Any CPU.Build.0 = Debug|Any CPU
		{3AD845FD-04F2-42E1-8282-CBB96EB343DB}.Debug|Any CPU.ActiveCfg = Debug|Any CPU
		{3AD845FD-04F2-42E1-8282-CBB96EB343DB}.Debug|Any CPU.Build.0 = Debug|Any CPU
		{3AD845FD-04F2-42E1-8282-CBB96EB343DB}.Release|Any CPU.ActiveCfg = Release|Any CPU
		{3AD845FD-04F2-42E1-8282-CBB96EB343DB}.Release|Any CPU.Build.0 = Release|Any CPU
		{08A81680-2E5C-455C-B93A-63A3A222E49E}.CheckIn|Any CPU.ActiveCfg = Debug|Any CPU
		{08A81680-2E5C-455C-B93A-63A3A222E49E}.CheckIn|Any CPU.Build.0 = Debug|Any CPU
		{08A81680-2E5C-455C-B93A-63A3A222E49E}.Debug|Any CPU.ActiveCfg = Debug|Any CPU
		{08A81680-2E5C-455C-B93A-63A3A222E49E}.Debug|Any CPU.Build.0 = Debug|Any CPU
		{08A81680-2E5C-455C-B93A-63A3A222E49E}.Release|Any CPU.ActiveCfg = Release|Any CPU
		{08A81680-2E5C-455C-B93A-63A3A222E49E}.Release|Any CPU.Build.0 = Release|Any CPU
		{FE2E2D10-D5E9-4C1F-A0C8-68324A168E7F}.CheckIn|Any CPU.ActiveCfg = Debug|Any CPU
		{FE2E2D10-D5E9-4C1F-A0C8-68324A168E7F}.CheckIn|Any CPU.Build.0 = Debug|Any CPU
		{FE2E2D10-D5E9-4C1F-A0C8-68324A168E7F}.Debug|Any CPU.ActiveCfg = Debug|Any CPU
		{FE2E2D10-D5E9-4C1F-A0C8-68324A168E7F}.Debug|Any CPU.Build.0 = Debug|Any CPU
		{FE2E2D10-D5E9-4C1F-A0C8-68324A168E7F}.Release|Any CPU.ActiveCfg = Release|Any CPU
		{FE2E2D10-D5E9-4C1F-A0C8-68324A168E7F}.Release|Any CPU.Build.0 = Release|Any CPU
		{A895D70C-B85E-4F33-B6C1-28D8F4ECC37E}.CheckIn|Any CPU.ActiveCfg = Debug|Any CPU
		{A895D70C-B85E-4F33-B6C1-28D8F4ECC37E}.CheckIn|Any CPU.Build.0 = Debug|Any CPU
		{A895D70C-B85E-4F33-B6C1-28D8F4ECC37E}.Debug|Any CPU.ActiveCfg = Debug|Any CPU
		{A895D70C-B85E-4F33-B6C1-28D8F4ECC37E}.Debug|Any CPU.Build.0 = Debug|Any CPU
		{A895D70C-B85E-4F33-B6C1-28D8F4ECC37E}.Release|Any CPU.ActiveCfg = Release|Any CPU
		{A895D70C-B85E-4F33-B6C1-28D8F4ECC37E}.Release|Any CPU.Build.0 = Release|Any CPU
		{9CD63D40-9ADD-4B7A-A214-D3E3AEA45A84}.CheckIn|Any CPU.ActiveCfg = Debug|Any CPU
		{9CD63D40-9ADD-4B7A-A214-D3E3AEA45A84}.CheckIn|Any CPU.Build.0 = Debug|Any CPU
		{9CD63D40-9ADD-4B7A-A214-D3E3AEA45A84}.Debug|Any CPU.ActiveCfg = Debug|Any CPU
		{9CD63D40-9ADD-4B7A-A214-D3E3AEA45A84}.Debug|Any CPU.Build.0 = Debug|Any CPU
		{9CD63D40-9ADD-4B7A-A214-D3E3AEA45A84}.Release|Any CPU.ActiveCfg = Release|Any CPU
		{9CD63D40-9ADD-4B7A-A214-D3E3AEA45A84}.Release|Any CPU.Build.0 = Release|Any CPU
		{9E8E74BF-995D-4298-B96F-DD72DBB23942}.CheckIn|Any CPU.ActiveCfg = Debug|Any CPU
		{9E8E74BF-995D-4298-B96F-DD72DBB23942}.CheckIn|Any CPU.Build.0 = Debug|Any CPU
		{9E8E74BF-995D-4298-B96F-DD72DBB23942}.Debug|Any CPU.ActiveCfg = Debug|Any CPU
		{9E8E74BF-995D-4298-B96F-DD72DBB23942}.Debug|Any CPU.Build.0 = Debug|Any CPU
		{9E8E74BF-995D-4298-B96F-DD72DBB23942}.Release|Any CPU.ActiveCfg = Release|Any CPU
		{9E8E74BF-995D-4298-B96F-DD72DBB23942}.Release|Any CPU.Build.0 = Release|Any CPU
		{C0F72FCA-84AC-4E28-8A6A-742E2696F415}.CheckIn|Any CPU.ActiveCfg = Debug|Any CPU
		{C0F72FCA-84AC-4E28-8A6A-742E2696F415}.CheckIn|Any CPU.Build.0 = Debug|Any CPU
		{C0F72FCA-84AC-4E28-8A6A-742E2696F415}.Debug|Any CPU.ActiveCfg = Debug|Any CPU
		{C0F72FCA-84AC-4E28-8A6A-742E2696F415}.Debug|Any CPU.Build.0 = Debug|Any CPU
		{C0F72FCA-84AC-4E28-8A6A-742E2696F415}.Release|Any CPU.ActiveCfg = Release|Any CPU
		{C0F72FCA-84AC-4E28-8A6A-742E2696F415}.Release|Any CPU.Build.0 = Release|Any CPU
		{3310375B-A5CA-47E6-B925-87208B6750AD}.CheckIn|Any CPU.ActiveCfg = Debug|Any CPU
		{3310375B-A5CA-47E6-B925-87208B6750AD}.CheckIn|Any CPU.Build.0 = Debug|Any CPU
		{3310375B-A5CA-47E6-B925-87208B6750AD}.Debug|Any CPU.ActiveCfg = Debug|Any CPU
		{3310375B-A5CA-47E6-B925-87208B6750AD}.Debug|Any CPU.Build.0 = Debug|Any CPU
		{3310375B-A5CA-47E6-B925-87208B6750AD}.Release|Any CPU.ActiveCfg = Release|Any CPU
		{3310375B-A5CA-47E6-B925-87208B6750AD}.Release|Any CPU.Build.0 = Release|Any CPU
		{6F372600-EADC-4736-B763-3F5F67D24A76}.CheckIn|Any CPU.ActiveCfg = Debug|Any CPU
		{6F372600-EADC-4736-B763-3F5F67D24A76}.CheckIn|Any CPU.Build.0 = Debug|Any CPU
		{6F372600-EADC-4736-B763-3F5F67D24A76}.Debug|Any CPU.ActiveCfg = Debug|Any CPU
		{6F372600-EADC-4736-B763-3F5F67D24A76}.Debug|Any CPU.Build.0 = Debug|Any CPU
		{6F372600-EADC-4736-B763-3F5F67D24A76}.Release|Any CPU.ActiveCfg = Release|Any CPU
		{6F372600-EADC-4736-B763-3F5F67D24A76}.Release|Any CPU.Build.0 = Release|Any CPU
		{4BF0F80D-E978-46DD-95E2-B2176373A2B1}.CheckIn|Any CPU.ActiveCfg = Debug|Any CPU
		{4BF0F80D-E978-46DD-95E2-B2176373A2B1}.CheckIn|Any CPU.Build.0 = Debug|Any CPU
		{4BF0F80D-E978-46DD-95E2-B2176373A2B1}.Debug|Any CPU.ActiveCfg = Debug|Any CPU
		{4BF0F80D-E978-46DD-95E2-B2176373A2B1}.Debug|Any CPU.Build.0 = Debug|Any CPU
		{4BF0F80D-E978-46DD-95E2-B2176373A2B1}.Release|Any CPU.ActiveCfg = Release|Any CPU
		{4BF0F80D-E978-46DD-95E2-B2176373A2B1}.Release|Any CPU.Build.0 = Release|Any CPU
		{925416F3-36A5-49D4-AD1C-D1C1E9646B70}.CheckIn|Any CPU.ActiveCfg = Debug|Any CPU
		{925416F3-36A5-49D4-AD1C-D1C1E9646B70}.CheckIn|Any CPU.Build.0 = Debug|Any CPU
		{925416F3-36A5-49D4-AD1C-D1C1E9646B70}.Debug|Any CPU.ActiveCfg = Debug|Any CPU
		{925416F3-36A5-49D4-AD1C-D1C1E9646B70}.Debug|Any CPU.Build.0 = Debug|Any CPU
		{925416F3-36A5-49D4-AD1C-D1C1E9646B70}.Release|Any CPU.ActiveCfg = Release|Any CPU
		{925416F3-36A5-49D4-AD1C-D1C1E9646B70}.Release|Any CPU.Build.0 = Release|Any CPU
		{D3945CF0-9C21-4E08-A96D-1D27001C7CC3}.CheckIn|Any CPU.ActiveCfg = Debug|Any CPU
		{D3945CF0-9C21-4E08-A96D-1D27001C7CC3}.CheckIn|Any CPU.Build.0 = Debug|Any CPU
		{D3945CF0-9C21-4E08-A96D-1D27001C7CC3}.Debug|Any CPU.ActiveCfg = Debug|Any CPU
		{D3945CF0-9C21-4E08-A96D-1D27001C7CC3}.Debug|Any CPU.Build.0 = Debug|Any CPU
		{D3945CF0-9C21-4E08-A96D-1D27001C7CC3}.Release|Any CPU.ActiveCfg = Release|Any CPU
		{D3945CF0-9C21-4E08-A96D-1D27001C7CC3}.Release|Any CPU.Build.0 = Release|Any CPU
		{02E28D8A-8271-45E5-98E5-2A6B289F3F30}.CheckIn|Any CPU.ActiveCfg = Debug|Any CPU
		{02E28D8A-8271-45E5-98E5-2A6B289F3F30}.CheckIn|Any CPU.Build.0 = Debug|Any CPU
		{02E28D8A-8271-45E5-98E5-2A6B289F3F30}.Debug|Any CPU.ActiveCfg = Debug|Any CPU
		{02E28D8A-8271-45E5-98E5-2A6B289F3F30}.Debug|Any CPU.Build.0 = Debug|Any CPU
		{02E28D8A-8271-45E5-98E5-2A6B289F3F30}.Release|Any CPU.ActiveCfg = Release|Any CPU
		{02E28D8A-8271-45E5-98E5-2A6B289F3F30}.Release|Any CPU.Build.0 = Release|Any CPU
		{38DE8D16-4707-4877-8337-5D0457094F32}.CheckIn|Any CPU.ActiveCfg = Debug|Any CPU
		{38DE8D16-4707-4877-8337-5D0457094F32}.CheckIn|Any CPU.Build.0 = Debug|Any CPU
		{38DE8D16-4707-4877-8337-5D0457094F32}.Debug|Any CPU.ActiveCfg = Debug|Any CPU
		{38DE8D16-4707-4877-8337-5D0457094F32}.Debug|Any CPU.Build.0 = Debug|Any CPU
		{38DE8D16-4707-4877-8337-5D0457094F32}.Release|Any CPU.ActiveCfg = Release|Any CPU
		{38DE8D16-4707-4877-8337-5D0457094F32}.Release|Any CPU.Build.0 = Release|Any CPU
		{41B892E2-710A-4B75-AB23-79A4360B81C8}.CheckIn|Any CPU.ActiveCfg = Debug|Any CPU
		{41B892E2-710A-4B75-AB23-79A4360B81C8}.CheckIn|Any CPU.Build.0 = Debug|Any CPU
		{41B892E2-710A-4B75-AB23-79A4360B81C8}.Debug|Any CPU.ActiveCfg = Debug|Any CPU
		{41B892E2-710A-4B75-AB23-79A4360B81C8}.Debug|Any CPU.Build.0 = Debug|Any CPU
		{41B892E2-710A-4B75-AB23-79A4360B81C8}.Release|Any CPU.ActiveCfg = Release|Any CPU
		{41B892E2-710A-4B75-AB23-79A4360B81C8}.Release|Any CPU.Build.0 = Release|Any CPU
		{2FE4535E-31F2-44CA-A1E6-88F1D93CE3E5}.CheckIn|Any CPU.ActiveCfg = Debug|Any CPU
		{2FE4535E-31F2-44CA-A1E6-88F1D93CE3E5}.CheckIn|Any CPU.Build.0 = Debug|Any CPU
		{2FE4535E-31F2-44CA-A1E6-88F1D93CE3E5}.Debug|Any CPU.ActiveCfg = Debug|Any CPU
		{2FE4535E-31F2-44CA-A1E6-88F1D93CE3E5}.Debug|Any CPU.Build.0 = Debug|Any CPU
		{2FE4535E-31F2-44CA-A1E6-88F1D93CE3E5}.Release|Any CPU.ActiveCfg = Release|Any CPU
		{2FE4535E-31F2-44CA-A1E6-88F1D93CE3E5}.Release|Any CPU.Build.0 = Release|Any CPU
		{ECAE1050-733F-465A-9ECD-DBC1C57EB61A}.CheckIn|Any CPU.ActiveCfg = Debug|Any CPU
		{ECAE1050-733F-465A-9ECD-DBC1C57EB61A}.CheckIn|Any CPU.Build.0 = Debug|Any CPU
		{ECAE1050-733F-465A-9ECD-DBC1C57EB61A}.Debug|Any CPU.ActiveCfg = Debug|Any CPU
		{ECAE1050-733F-465A-9ECD-DBC1C57EB61A}.Debug|Any CPU.Build.0 = Debug|Any CPU
		{ECAE1050-733F-465A-9ECD-DBC1C57EB61A}.Release|Any CPU.ActiveCfg = Release|Any CPU
		{ECAE1050-733F-465A-9ECD-DBC1C57EB61A}.Release|Any CPU.Build.0 = Release|Any CPU
		{754CE7CA-33F5-4EE8-8AF2-499D68095BBD}.CheckIn|Any CPU.ActiveCfg = Debug|Any CPU
		{754CE7CA-33F5-4EE8-8AF2-499D68095BBD}.CheckIn|Any CPU.Build.0 = Debug|Any CPU
		{754CE7CA-33F5-4EE8-8AF2-499D68095BBD}.Debug|Any CPU.ActiveCfg = Debug|Any CPU
		{754CE7CA-33F5-4EE8-8AF2-499D68095BBD}.Debug|Any CPU.Build.0 = Debug|Any CPU
		{754CE7CA-33F5-4EE8-8AF2-499D68095BBD}.Release|Any CPU.ActiveCfg = Release|Any CPU
		{754CE7CA-33F5-4EE8-8AF2-499D68095BBD}.Release|Any CPU.Build.0 = Release|Any CPU
		{2E38F74E-DDC5-496D-B61E-435D4E8A8A6F}.CheckIn|Any CPU.ActiveCfg = Debug|Any CPU
		{2E38F74E-DDC5-496D-B61E-435D4E8A8A6F}.CheckIn|Any CPU.Build.0 = Debug|Any CPU
		{2E38F74E-DDC5-496D-B61E-435D4E8A8A6F}.Debug|Any CPU.ActiveCfg = Debug|Any CPU
		{2E38F74E-DDC5-496D-B61E-435D4E8A8A6F}.Debug|Any CPU.Build.0 = Debug|Any CPU
		{2E38F74E-DDC5-496D-B61E-435D4E8A8A6F}.Release|Any CPU.ActiveCfg = Release|Any CPU
		{2E38F74E-DDC5-496D-B61E-435D4E8A8A6F}.Release|Any CPU.Build.0 = Release|Any CPU
		{E50290CF-17C3-4DC0-8715-A8375AB4D16E}.CheckIn|Any CPU.ActiveCfg = Debug|Any CPU
		{E50290CF-17C3-4DC0-8715-A8375AB4D16E}.CheckIn|Any CPU.Build.0 = Debug|Any CPU
		{E50290CF-17C3-4DC0-8715-A8375AB4D16E}.Debug|Any CPU.ActiveCfg = Debug|Any CPU
		{E50290CF-17C3-4DC0-8715-A8375AB4D16E}.Debug|Any CPU.Build.0 = Debug|Any CPU
		{E50290CF-17C3-4DC0-8715-A8375AB4D16E}.Release|Any CPU.ActiveCfg = Release|Any CPU
		{E50290CF-17C3-4DC0-8715-A8375AB4D16E}.Release|Any CPU.Build.0 = Release|Any CPU
		{C4AABF1F-5CD0-49B7-91E8-F84DEEA27247}.CheckIn|Any CPU.ActiveCfg = Debug|Any CPU
		{C4AABF1F-5CD0-49B7-91E8-F84DEEA27247}.CheckIn|Any CPU.Build.0 = Debug|Any CPU
		{C4AABF1F-5CD0-49B7-91E8-F84DEEA27247}.Debug|Any CPU.ActiveCfg = Debug|Any CPU
		{C4AABF1F-5CD0-49B7-91E8-F84DEEA27247}.Debug|Any CPU.Build.0 = Debug|Any CPU
		{C4AABF1F-5CD0-49B7-91E8-F84DEEA27247}.Release|Any CPU.ActiveCfg = Release|Any CPU
		{C4AABF1F-5CD0-49B7-91E8-F84DEEA27247}.Release|Any CPU.Build.0 = Release|Any CPU
		{CD002D5F-EE5D-4D2E-882A-07CFAF251953}.CheckIn|Any CPU.ActiveCfg = Debug|Any CPU
		{CD002D5F-EE5D-4D2E-882A-07CFAF251953}.CheckIn|Any CPU.Build.0 = Debug|Any CPU
		{CD002D5F-EE5D-4D2E-882A-07CFAF251953}.Debug|Any CPU.ActiveCfg = Debug|Any CPU
		{CD002D5F-EE5D-4D2E-882A-07CFAF251953}.Debug|Any CPU.Build.0 = Debug|Any CPU
		{CD002D5F-EE5D-4D2E-882A-07CFAF251953}.Release|Any CPU.ActiveCfg = Release|Any CPU
		{CD002D5F-EE5D-4D2E-882A-07CFAF251953}.Release|Any CPU.Build.0 = Release|Any CPU
		{DFD80BAE-11D2-4C90-B588-83A7A0175295}.CheckIn|Any CPU.ActiveCfg = Debug|Any CPU
		{DFD80BAE-11D2-4C90-B588-83A7A0175295}.CheckIn|Any CPU.Build.0 = Debug|Any CPU
		{DFD80BAE-11D2-4C90-B588-83A7A0175295}.Debug|Any CPU.ActiveCfg = Debug|Any CPU
		{DFD80BAE-11D2-4C90-B588-83A7A0175295}.Debug|Any CPU.Build.0 = Debug|Any CPU
		{DFD80BAE-11D2-4C90-B588-83A7A0175295}.Release|Any CPU.ActiveCfg = Release|Any CPU
		{DFD80BAE-11D2-4C90-B588-83A7A0175295}.Release|Any CPU.Build.0 = Release|Any CPU
		{0490D541-921D-40FA-A73C-7008836C2267}.CheckIn|Any CPU.ActiveCfg = Debug|Any CPU
		{0490D541-921D-40FA-A73C-7008836C2267}.CheckIn|Any CPU.Build.0 = Debug|Any CPU
		{0490D541-921D-40FA-A73C-7008836C2267}.Debug|Any CPU.ActiveCfg = Debug|Any CPU
		{0490D541-921D-40FA-A73C-7008836C2267}.Debug|Any CPU.Build.0 = Debug|Any CPU
		{0490D541-921D-40FA-A73C-7008836C2267}.Release|Any CPU.ActiveCfg = Release|Any CPU
		{0490D541-921D-40FA-A73C-7008836C2267}.Release|Any CPU.Build.0 = Release|Any CPU
		{38AD6D9A-9F4B-4D79-971D-0924EFC86E54}.CheckIn|Any CPU.ActiveCfg = Debug|Any CPU
		{38AD6D9A-9F4B-4D79-971D-0924EFC86E54}.CheckIn|Any CPU.Build.0 = Debug|Any CPU
		{38AD6D9A-9F4B-4D79-971D-0924EFC86E54}.Debug|Any CPU.ActiveCfg = Debug|Any CPU
		{38AD6D9A-9F4B-4D79-971D-0924EFC86E54}.Debug|Any CPU.Build.0 = Debug|Any CPU
		{38AD6D9A-9F4B-4D79-971D-0924EFC86E54}.Release|Any CPU.ActiveCfg = Release|Any CPU
		{38AD6D9A-9F4B-4D79-971D-0924EFC86E54}.Release|Any CPU.Build.0 = Release|Any CPU
		{F2B484D9-FB04-4D6E-9FC0-B3D162D038EC}.CheckIn|Any CPU.ActiveCfg = Debug|Any CPU
		{F2B484D9-FB04-4D6E-9FC0-B3D162D038EC}.CheckIn|Any CPU.Build.0 = Debug|Any CPU
		{F2B484D9-FB04-4D6E-9FC0-B3D162D038EC}.Debug|Any CPU.ActiveCfg = Debug|Any CPU
		{F2B484D9-FB04-4D6E-9FC0-B3D162D038EC}.Debug|Any CPU.Build.0 = Debug|Any CPU
		{F2B484D9-FB04-4D6E-9FC0-B3D162D038EC}.Release|Any CPU.ActiveCfg = Release|Any CPU
		{F2B484D9-FB04-4D6E-9FC0-B3D162D038EC}.Release|Any CPU.Build.0 = Release|Any CPU
	EndGlobalSection
	GlobalSection(SolutionProperties) = preSolution
		HideSolutionNode = FALSE
	EndGlobalSection
	GlobalSection(NestedProjects) = preSolution
		{789075CD-E90C-4B88-A832-0965A2AAF54F} = {7CCE8047-2EC4-45B2-9541-18A102BDEF4D}
		{CE2F047E-808B-404C-A932-5FB35AEFE026} = {7CCE8047-2EC4-45B2-9541-18A102BDEF4D}
		{D5E02809-2722-45AD-A0D2-CF0CC53BF76E} = {7CCE8047-2EC4-45B2-9541-18A102BDEF4D}
		{8A664A7A-2680-4D46-8D53-3644291428D8} = {83B3A2B2-783F-4AE3-9D71-A71BC7048219}
		{DDF78BAF-7687-4B56-A353-4949AC6CE760} = {83B3A2B2-783F-4AE3-9D71-A71BC7048219}
		{AE7048FC-7656-481C-9EBF-10766DE442F0} = {83B3A2B2-783F-4AE3-9D71-A71BC7048219}
		{7F6ED535-03D8-4EF8-9039-46C30FE17BA4} = {83B3A2B2-783F-4AE3-9D71-A71BC7048219}
		{C8D9247D-43B4-46B9-B3D5-3E60DD1F3CC1} = {83B3A2B2-783F-4AE3-9D71-A71BC7048219}
		{3680E163-E169-47E7-AD20-F8D5CC27277A} = {83B3A2B2-783F-4AE3-9D71-A71BC7048219}
		{88435DBE-0178-4539-B9FC-9711DA2F8553} = {83B3A2B2-783F-4AE3-9D71-A71BC7048219}
		{FEAAB208-1942-47F4-A9A2-791DE06B53AC} = {83B3A2B2-783F-4AE3-9D71-A71BC7048219}
		{A16B8F15-CB20-4332-95EA-F2185E1D3C66} = {83B3A2B2-783F-4AE3-9D71-A71BC7048219}
		{600BB54C-B788-4729-A3EA-1A502D1A6FC4} = {83B3A2B2-783F-4AE3-9D71-A71BC7048219}
		{C9FC7DC3-717F-4BBC-832F-BF01D05E121F} = {83B3A2B2-783F-4AE3-9D71-A71BC7048219}
		{F16D35B3-1C57-4D90-8CF9-F3315B5AE7A4} = {83B3A2B2-783F-4AE3-9D71-A71BC7048219}
		{C50A4128-9C50-4895-B481-DEFB38B4B841} = {83B3A2B2-783F-4AE3-9D71-A71BC7048219}
		{824BCE95-A485-44DF-93AB-D659D23C18E2} = {83B3A2B2-783F-4AE3-9D71-A71BC7048219}
		{3AD845FD-04F2-42E1-8282-CBB96EB343DB} = {83B3A2B2-783F-4AE3-9D71-A71BC7048219}
		{08A81680-2E5C-455C-B93A-63A3A222E49E} = {83B3A2B2-783F-4AE3-9D71-A71BC7048219}
		{FE2E2D10-D5E9-4C1F-A0C8-68324A168E7F} = {83B3A2B2-783F-4AE3-9D71-A71BC7048219}
		{A895D70C-B85E-4F33-B6C1-28D8F4ECC37E} = {83B3A2B2-783F-4AE3-9D71-A71BC7048219}
		{9CD63D40-9ADD-4B7A-A214-D3E3AEA45A84} = {83B3A2B2-783F-4AE3-9D71-A71BC7048219}
		{9E8E74BF-995D-4298-B96F-DD72DBB23942} = {83B3A2B2-783F-4AE3-9D71-A71BC7048219}
		{C0F72FCA-84AC-4E28-8A6A-742E2696F415} = {83B3A2B2-783F-4AE3-9D71-A71BC7048219}
		{3310375B-A5CA-47E6-B925-87208B6750AD} = {83B3A2B2-783F-4AE3-9D71-A71BC7048219}
		{6F372600-EADC-4736-B763-3F5F67D24A76} = {83B3A2B2-783F-4AE3-9D71-A71BC7048219}
		{4BF0F80D-E978-46DD-95E2-B2176373A2B1} = {83B3A2B2-783F-4AE3-9D71-A71BC7048219}
		{925416F3-36A5-49D4-AD1C-D1C1E9646B70} = {83B3A2B2-783F-4AE3-9D71-A71BC7048219}
		{D3945CF0-9C21-4E08-A96D-1D27001C7CC3} = {811C05BA-7E05-410D-BBBB-324C5E142BA3}
		{02E28D8A-8271-45E5-98E5-2A6B289F3F30} = {811C05BA-7E05-410D-BBBB-324C5E142BA3}
		{38DE8D16-4707-4877-8337-5D0457094F32} = {811C05BA-7E05-410D-BBBB-324C5E142BA3}
		{41B892E2-710A-4B75-AB23-79A4360B81C8} = {811C05BA-7E05-410D-BBBB-324C5E142BA3}
		{2FE4535E-31F2-44CA-A1E6-88F1D93CE3E5} = {811C05BA-7E05-410D-BBBB-324C5E142BA3}
		{ECAE1050-733F-465A-9ECD-DBC1C57EB61A} = {811C05BA-7E05-410D-BBBB-324C5E142BA3}
		{754CE7CA-33F5-4EE8-8AF2-499D68095BBD} = {811C05BA-7E05-410D-BBBB-324C5E142BA3}
		{2E38F74E-DDC5-496D-B61E-435D4E8A8A6F} = {811C05BA-7E05-410D-BBBB-324C5E142BA3}
		{E50290CF-17C3-4DC0-8715-A8375AB4D16E} = {811C05BA-7E05-410D-BBBB-324C5E142BA3}
		{C4AABF1F-5CD0-49B7-91E8-F84DEEA27247} = {811C05BA-7E05-410D-BBBB-324C5E142BA3}
		{CD002D5F-EE5D-4D2E-882A-07CFAF251953} = {811C05BA-7E05-410D-BBBB-324C5E142BA3}
		{DFD80BAE-11D2-4C90-B588-83A7A0175295} = {E11F9B9F-C374-4A2A-A36D-0E98B9FB8F54}
		{0490D541-921D-40FA-A73C-7008836C2267} = {E11F9B9F-C374-4A2A-A36D-0E98B9FB8F54}
		{38AD6D9A-9F4B-4D79-971D-0924EFC86E54} = {E11F9B9F-C374-4A2A-A36D-0E98B9FB8F54}
		{F2B484D9-FB04-4D6E-9FC0-B3D162D038EC} = {E11F9B9F-C374-4A2A-A36D-0E98B9FB8F54}
	EndGlobalSection
	GlobalSection(ExtensibilityGlobals) = postSolution
		SolutionGuid = {9C66A829-05B5-4D8E-A92B-34E25B715B29}
	EndGlobalSection
EndGlobal
