
Microsoft Visual Studio Solution File, Format Version 12.00
# Visual Studio Version 16
VisualStudioVersion = 16.0.35026.282
MinimumVisualStudioVersion = 10.0.40219.1
Project("{9A19103F-16F7-4668-BE54-9A1E7A4F7556}") = "Practice1.Task1A", "Task.CSharpBase\Practice1.Task1A.csproj", "{789075CD-E90C-4B88-A832-0965A2AAF54F}"
EndProject
Project("{9A19103F-16F7-4668-BE54-9A1E7A4F7556}") = "Task1B", "Task1B\Task1B.csproj", "{CE2F047E-808B-404C-A932-5FB35AEFE026}"
EndProject
Project("{2150E333-8FDC-42A3-9474-1A3956D46DE8}") = "Practice1", "Practice1", "{7CCE8047-2EC4-45B2-9541-18A102BDEF4D}"
EndProject
Project("{9A19103F-16F7-4668-BE54-9A1E7A4F7556}") = "Practice1.Task2", "Task2\Practice1.Task2.csproj", "{D5E02809-2722-45AD-A0D2-CF0CC53BF76E}"
EndProject
Project("{2150E333-8FDC-42A3-9474-1A3956D46DE8}") = "Practice2", "Practice2", "{83B3A2B2-783F-4AE3-9D71-A71BC7048219}"
EndProject
Project("{9A19103F-16F7-4668-BE54-9A1E7A4F7556}") = "Practice2.Task1", "Practice2.Task1\Practice2.Task1.csproj", "{8A664A7A-2680-4D46-8D53-3644291428D8}"
EndProject
Project("{FAE04EC0-301F-11D3-BF4B-00C04F79EFBC}") = "Practice2.Task2", "Practice2.Task2\Practice2.Task2.csproj", "{DDF78BAF-7687-4B56-A353-4949AC6CE760}"
EndProject
Project("{FAE04EC0-301F-11D3-BF4B-00C04F79EFBC}") = "Practice2.Task3", "Practice2.Task3\Practice2.Task3.csproj", "{AE7048FC-7656-481C-9EBF-10766DE442F0}"
EndProject
Project("{FAE04EC0-301F-11D3-BF4B-00C04F79EFBC}") = "Practice2.Task4", "Practice2.Task4\Practice2.Task4.csproj", "{7F6ED535-03D8-4EF8-9039-46C30FE17BA4}"
EndProject
Project("{FAE04EC0-301F-11D3-BF4B-00C04F79EFBC}") = "Practice2.Task5", "Practice2.Task5\Practice2.Task5.csproj", "{C8D9247D-43B4-46B9-B3D5-3E60DD1F3CC1}"
EndProject
Project("{FAE04EC0-301F-11D3-BF4B-00C04F79EFBC}") = "Practice2.Task6", "Practice2.Task6\Practice2.Task6.csproj", "{3680E163-E169-47E7-AD20-F8D5CC27277A}"
EndProject
Project("{FAE04EC0-301F-11D3-BF4B-00C04F79EFBC}") = "Practice2.Task7", "Practice2.Task7\Practice2.Task7.csproj", "{88435DBE-0178-4539-B9FC-9711DA2F8553}"
EndProject
Project("{FAE04EC0-301F-11D3-BF4B-00C04F79EFBC}") = "Practice2.Task8", "Practice2.Task8\Practice2.Task8.csproj", "{FEAAB208-1942-47F4-A9A2-791DE06B53AC}"
EndProject
Project("{FAE04EC0-301F-11D3-BF4B-00C04F79EFBC}") = "Practice2.Task9", "Practice2.Task9\Practice2.Task9.csproj", "{A16B8F15-CB20-4332-95EA-F2185E1D3C66}"
EndProject
Project("{FAE04EC0-301F-11D3-BF4B-00C04F79EFBC}") = "Practice2.Task10", "Practice2.Task10\Practice2.Task10.csproj", "{600BB54C-B788-4729-A3EA-1A502D1A6FC4}"
EndProject
Project("{FAE04EC0-301F-11D3-BF4B-00C04F79EFBC}") = "Practice2.Task11", "Practice2.Task11\Practice2.Task11.csproj", "{C9FC7DC3-717F-4BBC-832F-BF01D05E121F}"
EndProject
Project("{FAE04EC0-301F-11D3-BF4B-00C04F79EFBC}") = "Practice2.Task12", "Practice2.Task12\Practice2.Task12.csproj", "{F16D35B3-1C57-4D90-8CF9-F3315B5AE7A4}"
EndProject
Project("{FAE04EC0-301F-11D3-BF4B-00C04F79EFBC}") = "Practice2.Task13", "Practice2.Task13\Practice2.Task13.csproj", "{C50A4128-9C50-4895-B481-DEFB38B4B841}"
EndProject
Project("{FAE04EC0-301F-11D3-BF4B-00C04F79EFBC}") = "Practice2.Task14", "Practice2.Task14\Practice2.Task14.csproj", "{824BCE95-A485-44DF-93AB-D659D23C18E2}"
EndProject
Project("{FAE04EC0-301F-11D3-BF4B-00C04F79EFBC}") = "Practice2.Task15", "Practice2.Task15\Practice2.Task15.csproj", "{3AD845FD-04F2-42E1-8282-CBB96EB343DB}"
EndProject
Project("{FAE04EC0-301F-11D3-BF4B-00C04F79EFBC}") = "Practice2.Task16", "Practice2.Task16\Practice2.Task16.csproj", "{08A81680-2E5C-455C-B93A-63A3A222E49E}"
EndProject
Project("{FAE04EC0-301F-11D3-BF4B-00C04F79EFBC}") = "Practice2.Task17", "Practice2.Task17\Practice2.Task17.csproj", "{FE2E2D10-D5E9-4C1F-A0C8-68324A168E7F}"
EndProject
Project("{FAE04EC0-301F-11D3-BF4B-00C04F79EFBC}") = "Practice2.Task18", "Practice2.Task18\Practice2.Task18.csproj", "{A895D70C-B85E-4F33-B6C1-28D8F4ECC37E}"
EndProject
Project("{FAE04EC0-301F-11D3-BF4B-00C04F79EFBC}") = "Practice2.Task19", "Practice2.Task19\Practice2.Task19.csproj", "{9CD63D40-9ADD-4B7A-A214-D3E3AEA45A84}"
EndProject
Project("{FAE04EC0-301F-11D3-BF4B-00C04F79EFBC}") = "Practice2.Task20", "Practice2.Task20\Practice2.Task20.csproj", "{9E8E74BF-995D-4298-B96F-DD72DBB23942}"
EndProject
Project("{FAE04EC0-301F-11D3-BF4B-00C04F79EFBC}") = "Practice2.Task21", "Practice2.Task21\Practice2.Task21.csproj", "{C0F72FCA-84AC-4E28-8A6A-742E2696F415}"
EndProject
Project("{FAE04EC0-301F-11D3-BF4B-00C04F79EFBC}") = "Practice2.Task22", "Practice2.Task22\Practice2.Task22.csproj", "{3310375B-A5CA-47E6-B925-87208B6750AD}"
EndProject
Project("{FAE04EC0-301F-11D3-BF4B-00C04F79EFBC}") = "Practice2.Task23", "Practice2.Task23\Practice2.Task23.csproj", "{6F372600-EADC-4736-B763-3F5F67D24A76}"
EndProject
Project("{FAE04EC0-301F-11D3-BF4B-00C04F79EFBC}") = "Practice2.Task24", "Practice2.Task24\Practice2.Task24.csproj", "{4BF0F80D-E978-46DD-95E2-B2176373A2B1}"
EndProject
Project("{FAE04EC0-301F-11D3-BF4B-00C04F79EFBC}") = "Practice2.Task25", "Practice2.Task25\Practice2.Task25.csproj", "{925416F3-36A5-49D4-AD1C-D1C1E9646B70}"
EndProject
Global
	GlobalSection(SolutionConfigurationPlatforms) = preSolution
		CheckIn|Any CPU = CheckIn|Any CPU
		Debug|Any CPU = Debug|Any CPU
		Release|Any CPU = Release|Any CPU
	EndGlobalSection
	GlobalSection(ProjectConfigurationPlatforms) = postSolution
		{789075CD-E90C-4B88-A832-0965A2AAF54F}.CheckIn|Any CPU.ActiveCfg = Debug|Any CPU
		{789075CD-E90C-4B88-A832-0965A2AAF54F}.CheckIn|Any CPU.Build.0 = Debug|Any CPU
		{789075CD-E90C-4B88-A832-0965A2AAF54F}.Debug|Any CPU.ActiveCfg = Debug|Any CPU
		{789075CD-E90C-4B88-A832-0965A2AAF54F}.Debug|Any CPU.Build.0 = Debug|Any CPU
		{789075CD-E90C-4B88-A832-0965A2AAF54F}.Release|Any CPU.ActiveCfg = Release|Any CPU
		{789075CD-E90C-4B88-A832-0965A2AAF54F}.Release|Any CPU.Build.0 = Release|Any CPU
		{CE2F047E-808B-404C-A932-5FB35AEFE026}.CheckIn|Any CPU.ActiveCfg = CheckIn|Any CPU
		{CE2F047E-808B-404C-A932-5FB35AEFE026}.CheckIn|Any CPU.Build.0 = CheckIn|Any CPU
		{CE2F047E-808B-404C-A932-5FB35AEFE026}.Debug|Any CPU.ActiveCfg = Debug|Any CPU
		{CE2F047E-808B-404C-A932-5FB35AEFE026}.Debug|Any CPU.Build.0 = Debug|Any CPU
		{CE2F047E-808B-404C-A932-5FB35AEFE026}.Release|Any CPU.ActiveCfg = Release|Any CPU
		{CE2F047E-808B-404C-A932-5FB35AEFE026}.Release|Any CPU.Build.0 = Release|Any CPU
		{D5E02809-2722-45AD-A0D2-CF0CC53BF76E}.CheckIn|Any CPU.ActiveCfg = Debug|Any CPU
		{D5E02809-2722-45AD-A0D2-CF0CC53BF76E}.CheckIn|Any CPU.Build.0 = Debug|Any CPU
		{D5E02809-2722-45AD-A0D2-CF0CC53BF76E}.Debug|Any CPU.ActiveCfg = Debug|Any CPU
		{D5E02809-2722-45AD-A0D2-CF0CC53BF76E}.Debug|Any CPU.Build.0 = Debug|Any CPU
		{D5E02809-2722-45AD-A0D2-CF0CC53BF76E}.Release|Any CPU.ActiveCfg = Release|Any CPU
		{D5E02809-2722-45AD-A0D2-CF0CC53BF76E}.Release|Any CPU.Build.0 = Release|Any CPU
		{8A664A7A-2680-4D46-8D53-3644291428D8}.CheckIn|Any CPU.ActiveCfg = Debug|Any CPU
		{8A664A7A-2680-4D46-8D53-3644291428D8}.CheckIn|Any CPU.Build.0 = Debug|Any CPU
		{8A664A7A-2680-4D46-8D53-3644291428D8}.Debug|Any CPU.ActiveCfg = Debug|Any CPU
		{8A664A7A-2680-4D46-8D53-3644291428D8}.Debug|Any CPU.Build.0 = Debug|Any CPU
		{8A664A7A-2680-4D46-8D53-3644291428D8}.Release|Any CPU.ActiveCfg = Release|Any CPU
		{8A664A7A-2680-4D46-8D53-3644291428D8}.Release|Any CPU.Build.0 = Release|Any CPU
		{DDF78BAF-7687-4B56-A353-4949AC6CE760}.CheckIn|Any CPU.ActiveCfg = Debug|Any CPU
		{DDF78BAF-7687-4B56-A353-4949AC6CE760}.CheckIn|Any CPU.Build.0 = Debug|Any CPU
		{DDF78BAF-7687-4B56-A353-4949AC6CE760}.Debug|Any CPU.ActiveCfg = Debug|Any CPU
		{DDF78BAF-7687-4B56-A353-4949AC6CE760}.Debug|Any CPU.Build.0 = Debug|Any CPU
		{DDF78BAF-7687-4B56-A353-4949AC6CE760}.Release|Any CPU.ActiveCfg = Release|Any CPU
		{DDF78BAF-7687-4B56-A353-4949AC6CE760}.Release|Any CPU.Build.0 = Release|Any CPU
		{AE7048FC-7656-481C-9EBF-10766DE442F0}.CheckIn|Any CPU.ActiveCfg = Debug|Any CPU
		{AE7048FC-7656-481C-9EBF-10766DE442F0}.CheckIn|Any CPU.Build.0 = Debug|Any CPU
		{AE7048FC-7656-481C-9EBF-10766DE442F0}.Debug|Any CPU.ActiveCfg = Debug|Any CPU
		{AE7048FC-7656-481C-9EBF-10766DE442F0}.Debug|Any CPU.Build.0 = Debug|Any CPU
		{AE7048FC-7656-481C-9EBF-10766DE442F0}.Release|Any CPU.ActiveCfg = Release|Any CPU
		{AE7048FC-7656-481C-9EBF-10766DE442F0}.Release|Any CPU.Build.0 = Release|Any CPU
		{7F6ED535-03D8-4EF8-9039-46C30FE17BA4}.CheckIn|Any CPU.ActiveCfg = Debug|Any CPU
		{7F6ED535-03D8-4EF8-9039-46C30FE17BA4}.CheckIn|Any CPU.Build.0 = Debug|Any CPU
		{7F6ED535-03D8-4EF8-9039-46C30FE17BA4}.Debug|Any CPU.ActiveCfg = Debug|Any CPU
		{7F6ED535-03D8-4EF8-9039-46C30FE17BA4}.Debug|Any CPU.Build.0 = Debug|Any CPU
		{7F6ED535-03D8-4EF8-9039-46C30FE17BA4}.Release|Any CPU.ActiveCfg = Release|Any CPU
		{7F6ED535-03D8-4EF8-9039-46C30FE17BA4}.Release|Any CPU.Build.0 = Release|Any CPU
		{C8D9247D-43B4-46B9-B3D5-3E60DD1F3CC1}.CheckIn|Any CPU.ActiveCfg = Debug|Any CPU
		{C8D9247D-43B4-46B9-B3D5-3E60DD1F3CC1}.CheckIn|Any CPU.Build.0 = Debug|Any CPU
		{C8D9247D-43B4-46B9-B3D5-3E60DD1F3CC1}.Debug|Any CPU.ActiveCfg = Debug|Any CPU
		{C8D9247D-43B4-46B9-B3D5-3E60DD1F3CC1}.Debug|Any CPU.Build.0 = Debug|Any CPU
		{C8D9247D-43B4-46B9-B3D5-3E60DD1F3CC1}.Release|Any CPU.ActiveCfg = Release|Any CPU
		{C8D9247D-43B4-46B9-B3D5-3E60DD1F3CC1}.Release|Any CPU.Build.0 = Release|Any CPU
		{3680E163-E169-47E7-AD20-F8D5CC27277A}.CheckIn|Any CPU.ActiveCfg = Debug|Any CPU
		{3680E163-E169-47E7-AD20-F8D5CC27277A}.CheckIn|Any CPU.Build.0 = Debug|Any CPU
		{3680E163-E169-47E7-AD20-F8D5CC27277A}.Debug|Any CPU.ActiveCfg = Debug|Any CPU
		{3680E163-E169-47E7-AD20-F8D5CC27277A}.Debug|Any CPU.Build.0 = Debug|Any CPU
		{3680E163-E169-47E7-AD20-F8D5CC27277A}.Release|Any CPU.ActiveCfg = Release|Any CPU
		{3680E163-E169-47E7-AD20-F8D5CC27277A}.Release|Any CPU.Build.0 = Release|Any CPU
		{88435DBE-0178-4539-B9FC-9711DA2F8553}.CheckIn|Any CPU.ActiveCfg = Debug|Any CPU
		{88435DBE-0178-4539-B9FC-9711DA2F8553}.CheckIn|Any CPU.Build.0 = Debug|Any CPU
		{88435DBE-0178-4539-B9FC-9711DA2F8553}.Debug|Any CPU.ActiveCfg = Debug|Any CPU
		{88435DBE-0178-4539-B9FC-9711DA2F8553}.Debug|Any CPU.Build.0 = Debug|Any CPU
		{88435DBE-0178-4539-B9FC-9711DA2F8553}.Release|Any CPU.ActiveCfg = Release|Any CPU
		{88435DBE-0178-4539-B9FC-9711DA2F8553}.Release|Any CPU.Build.0 = Release|Any CPU
		{FEAAB208-1942-47F4-A9A2-791DE06B53AC}.CheckIn|Any CPU.ActiveCfg = Debug|Any CPU
		{FEAAB208-1942-47F4-A9A2-791DE06B53AC}.CheckIn|Any CPU.Build.0 = Debug|Any CPU
		{FEAAB208-1942-47F4-A9A2-791DE06B53AC}.Debug|Any CPU.ActiveCfg = Debug|Any CPU
		{FEAAB208-1942-47F4-A9A2-791DE06B53AC}.Debug|Any CPU.Build.0 = Debug|Any CPU
		{FEAAB208-1942-47F4-A9A2-791DE06B53AC}.Release|Any CPU.ActiveCfg = Release|Any CPU
		{FEAAB208-1942-47F4-A9A2-791DE06B53AC}.Release|Any CPU.Build.0 = Release|Any CPU
		{A16B8F15-CB20-4332-95EA-F2185E1D3C66}.CheckIn|Any CPU.ActiveCfg = Debug|Any CPU
		{A16B8F15-CB20-4332-95EA-F2185E1D3C66}.CheckIn|Any CPU.Build.0 = Debug|Any CPU
		{A16B8F15-CB20-4332-95EA-F2185E1D3C66}.Debug|Any CPU.ActiveCfg = Debug|Any CPU
		{A16B8F15-CB20-4332-95EA-F2185E1D3C66}.Debug|Any CPU.Build.0 = Debug|Any CPU
		{A16B8F15-CB20-4332-95EA-F2185E1D3C66}.Release|Any CPU.ActiveCfg = Release|Any CPU
		{A16B8F15-CB20-4332-95EA-F2185E1D3C66}.Release|Any CPU.Build.0 = Release|Any CPU
		{600BB54C-B788-4729-A3EA-1A502D1A6FC4}.CheckIn|Any CPU.ActiveCfg = Debug|Any CPU
		{600BB54C-B788-4729-A3EA-1A502D1A6FC4}.CheckIn|Any CPU.Build.0 = Debug|Any CPU
		{600BB54C-B788-4729-A3EA-1A502D1A6FC4}.Debug|Any CPU.ActiveCfg = Debug|Any CPU
		{600BB54C-B788-4729-A3EA-1A502D1A6FC4}.Debug|Any CPU.Build.0 = Debug|Any CPU
		{600BB54C-B788-4729-A3EA-1A502D1A6FC4}.Release|Any CPU.ActiveCfg = Release|Any CPU
		{600BB54C-B788-4729-A3EA-1A502D1A6FC4}.Release|Any CPU.Build.0 = Release|Any CPU
		{C9FC7DC3-717F-4BBC-832F-BF01D05E121F}.CheckIn|Any CPU.ActiveCfg = Debug|Any CPU
		{C9FC7DC3-717F-4BBC-832F-BF01D05E121F}.CheckIn|Any CPU.Build.0 = Debug|Any CPU
		{C9FC7DC3-717F-4BBC-832F-BF01D05E121F}.Debug|Any CPU.ActiveCfg = Debug|Any CPU
		{C9FC7DC3-717F-4BBC-832F-BF01D05E121F}.Debug|Any CPU.Build.0 = Debug|Any CPU
		{C9FC7DC3-717F-4BBC-832F-BF01D05E121F}.Release|Any CPU.ActiveCfg = Release|Any CPU
		{C9FC7DC3-717F-4BBC-832F-BF01D05E121F}.Release|Any CPU.Build.0 = Release|Any CPU
		{F16D35B3-1C57-4D90-8CF9-F3315B5AE7A4}.CheckIn|Any CPU.ActiveCfg = Debug|Any CPU
		{F16D35B3-1C57-4D90-8CF9-F3315B5AE7A4}.CheckIn|Any CPU.Build.0 = Debug|Any CPU
		{F16D35B3-1C57-4D90-8CF9-F3315B5AE7A4}.Debug|Any CPU.ActiveCfg = Debug|Any CPU
		{F16D35B3-1C57-4D90-8CF9-F3315B5AE7A4}.Debug|Any CPU.Build.0 = Debug|Any CPU
		{F16D35B3-1C57-4D90-8CF9-F3315B5AE7A4}.Release|Any CPU.ActiveCfg = Release|Any CPU
		{F16D35B3-1C57-4D90-8CF9-F3315B5AE7A4}.Release|Any CPU.Build.0 = Release|Any CPU
		{C50A4128-9C50-4895-B481-DEFB38B4B841}.CheckIn|Any CPU.ActiveCfg = Debug|Any CPU
		{C50A4128-9C50-4895-B481-DEFB38B4B841}.CheckIn|Any CPU.Build.0 = Debug|Any CPU
		{C50A4128-9C50-4895-B481-DEFB38B4B841}.Debug|Any CPU.ActiveCfg = Debug|Any CPU
		{C50A4128-9C50-4895-B481-DEFB38B4B841}.Debug|Any CPU.Build.0 = Debug|Any CPU
		{C50A4128-9C50-4895-B481-DEFB38B4B841}.Release|Any CPU.ActiveCfg = Release|Any CPU
		{C50A4128-9C50-4895-B481-DEFB38B4B841}.Release|Any CPU.Build.0 = Release|Any CPU
		{824BCE95-A485-44DF-93AB-D659D23C18E2}.CheckIn|Any CPU.ActiveCfg = Debug|Any CPU
		{824BCE95-A485-44DF-93AB-D659D23C18E2}.CheckIn|Any CPU.Build.0 = Debug|Any CPU
		{824BCE95-A485-44DF-93AB-D659D23C18E2}.Debug|Any CPU.ActiveCfg = Debug|Any CPU
		{824BCE95-A485-44DF-93AB-D659D23C18E2}.Debug|Any CPU.Build.0 = Debug|Any CPU
		{824BCE95-A485-44DF-93AB-D659D23C18E2}.Release|Any CPU.ActiveCfg = Release|Any CPU
		{824BCE95-A485-44DF-93AB-D659D23C18E2}.Release|Any CPU.Build.0 = Release|Any CPU
		{3AD845FD-04F2-42E1-8282-CBB96EB343DB}.CheckIn|Any CPU.ActiveCfg = Debug|Any CPU
		{3AD845FD-04F2-42E1-8282-CBB96EB343DB}.CheckIn|Any CPU.Build.0 = Debug|Any CPU
		{3AD845FD-04F2-42E1-8282-CBB96EB343DB}.Debug|Any CPU.ActiveCfg = Debug|Any CPU
		{3AD845FD-04F2-42E1-8282-CBB96EB343DB}.Debug|Any CPU.Build.0 = Debug|Any CPU
		{3AD845FD-04F2-42E1-8282-CBB96EB343DB}.Release|Any CPU.ActiveCfg = Release|Any CPU
		{3AD845FD-04F2-42E1-8282-CBB96EB343DB}.Release|Any CPU.Build.0 = Release|Any CPU
		{08A81680-2E5C-455C-B93A-63A3A222E49E}.CheckIn|Any CPU.ActiveCfg = Debug|Any CPU
		{08A81680-2E5C-455C-B93A-63A3A222E49E}.CheckIn|Any CPU.Build.0 = Debug|Any CPU
		{08A81680-2E5C-455C-B93A-63A3A222E49E}.Debug|Any CPU.ActiveCfg = Debug|Any CPU
		{08A81680-2E5C-455C-B93A-63A3A222E49E}.Debug|Any CPU.Build.0 = Debug|Any CPU
		{08A81680-2E5C-455C-B93A-63A3A222E49E}.Release|Any CPU.ActiveCfg = Release|Any CPU
		{08A81680-2E5C-455C-B93A-63A3A222E49E}.Release|Any CPU.Build.0 = Release|Any CPU
		{FE2E2D10-D5E9-4C1F-A0C8-68324A168E7F}.CheckIn|Any CPU.ActiveCfg = Debug|Any CPU
		{FE2E2D10-D5E9-4C1F-A0C8-68324A168E7F}.CheckIn|Any CPU.Build.0 = Debug|Any CPU
		{FE2E2D10-D5E9-4C1F-A0C8-68324A168E7F}.Debug|Any CPU.ActiveCfg = Debug|Any CPU
		{FE2E2D10-D5E9-4C1F-A0C8-68324A168E7F}.Debug|Any CPU.Build.0 = Debug|Any CPU
		{FE2E2D10-D5E9-4C1F-A0C8-68324A168E7F}.Release|Any CPU.ActiveCfg = Release|Any CPU
		{FE2E2D10-D5E9-4C1F-A0C8-68324A168E7F}.Release|Any CPU.Build.0 = Release|Any CPU
		{A895D70C-B85E-4F33-B6C1-28D8F4ECC37E}.CheckIn|Any CPU.ActiveCfg = Debug|Any CPU
		{A895D70C-B85E-4F33-B6C1-28D8F4ECC37E}.CheckIn|Any CPU.Build.0 = Debug|Any CPU
		{A895D70C-B85E-4F33-B6C1-28D8F4ECC37E}.Debug|Any CPU.ActiveCfg = Debug|Any CPU
		{A895D70C-B85E-4F33-B6C1-28D8F4ECC37E}.Debug|Any CPU.Build.0 = Debug|Any CPU
		{A895D70C-B85E-4F33-B6C1-28D8F4ECC37E}.Release|Any CPU.ActiveCfg = Release|Any CPU
		{A895D70C-B85E-4F33-B6C1-28D8F4ECC37E}.Release|Any CPU.Build.0 = Release|Any CPU
		{9CD63D40-9ADD-4B7A-A214-D3E3AEA45A84}.CheckIn|Any CPU.ActiveCfg = Debug|Any CPU
		{9CD63D40-9ADD-4B7A-A214-D3E3AEA45A84}.CheckIn|Any CPU.Build.0 = Debug|Any CPU
		{9CD63D40-9ADD-4B7A-A214-D3E3AEA45A84}.Debug|Any CPU.ActiveCfg = Debug|Any CPU
		{9CD63D40-9ADD-4B7A-A214-D3E3AEA45A84}.Debug|Any CPU.Build.0 = Debug|Any CPU
		{9CD63D40-9ADD-4B7A-A214-D3E3AEA45A84}.Release|Any CPU.ActiveCfg = Release|Any CPU
		{9CD63D40-9ADD-4B7A-A214-D3E3AEA45A84}.Release|Any CPU.Build.0 = Release|Any CPU
		{9E8E74BF-995D-4298-B96F-DD72DBB23942}.CheckIn|Any CPU.ActiveCfg = Debug|Any CPU
		{9E8E74BF-995D-4298-B96F-DD72DBB23942}.CheckIn|Any CPU.Build.0 = Debug|Any CPU
		{9E8E74BF-995D-4298-B96F-DD72DBB23942}.Debug|Any CPU.ActiveCfg = Debug|Any CPU
		{9E8E74BF-995D-4298-B96F-DD72DBB23942}.Debug|Any CPU.Build.0 = Debug|Any CPU
		{9E8E74BF-995D-4298-B96F-DD72DBB23942}.Release|Any CPU.ActiveCfg = Release|Any CPU
		{9E8E74BF-995D-4298-B96F-DD72DBB23942}.Release|Any CPU.Build.0 = Release|Any CPU
		{C0F72FCA-84AC-4E28-8A6A-742E2696F415}.CheckIn|Any CPU.ActiveCfg = Debug|Any CPU
		{C0F72FCA-84AC-4E28-8A6A-742E2696F415}.CheckIn|Any CPU.Build.0 = Debug|Any CPU
		{C0F72FCA-84AC-4E28-8A6A-742E2696F415}.Debug|Any CPU.ActiveCfg = Debug|Any CPU
		{C0F72FCA-84AC-4E28-8A6A-742E2696F415}.Debug|Any CPU.Build.0 = Debug|Any CPU
		{C0F72FCA-84AC-4E28-8A6A-742E2696F415}.Release|Any CPU.ActiveCfg = Release|Any CPU
		{C0F72FCA-84AC-4E28-8A6A-742E2696F415}.Release|Any CPU.Build.0 = Release|Any CPU
		{3310375B-A5CA-47E6-B925-87208B6750AD}.CheckIn|Any CPU.ActiveCfg = Debug|Any CPU
		{3310375B-A5CA-47E6-B925-87208B6750AD}.CheckIn|Any CPU.Build.0 = Debug|Any CPU
		{3310375B-A5CA-47E6-B925-87208B6750AD}.Debug|Any CPU.ActiveCfg = Debug|Any CPU
		{3310375B-A5CA-47E6-B925-87208B6750AD}.Debug|Any CPU.Build.0 = Debug|Any CPU
		{3310375B-A5CA-47E6-B925-87208B6750AD}.Release|Any CPU.ActiveCfg = Release|Any CPU
		{3310375B-A5CA-47E6-B925-87208B6750AD}.Release|Any CPU.Build.0 = Release|Any CPU
		{6F372600-EADC-4736-B763-3F5F67D24A76}.CheckIn|Any CPU.ActiveCfg = Debug|Any CPU
		{6F372600-EADC-4736-B763-3F5F67D24A76}.CheckIn|Any CPU.Build.0 = Debug|Any CPU
		{6F372600-EADC-4736-B763-3F5F67D24A76}.Debug|Any CPU.ActiveCfg = Debug|Any CPU
		{6F372600-EADC-4736-B763-3F5F67D24A76}.Debug|Any CPU.Build.0 = Debug|Any CPU
		{6F372600-EADC-4736-B763-3F5F67D24A76}.Release|Any CPU.ActiveCfg = Release|Any CPU
		{6F372600-EADC-4736-B763-3F5F67D24A76}.Release|Any CPU.Build.0 = Release|Any CPU
		{4BF0F80D-E978-46DD-95E2-B2176373A2B1}.CheckIn|Any CPU.ActiveCfg = Debug|Any CPU
		{4BF0F80D-E978-46DD-95E2-B2176373A2B1}.CheckIn|Any CPU.Build.0 = Debug|Any CPU
		{4BF0F80D-E978-46DD-95E2-B2176373A2B1}.Debug|Any CPU.ActiveCfg = Debug|Any CPU
		{4BF0F80D-E978-46DD-95E2-B2176373A2B1}.Debug|Any CPU.Build.0 = Debug|Any CPU
		{4BF0F80D-E978-46DD-95E2-B2176373A2B1}.Release|Any CPU.ActiveCfg = Release|Any CPU
		{4BF0F80D-E978-46DD-95E2-B2176373A2B1}.Release|Any CPU.Build.0 = Release|Any CPU
		{925416F3-36A5-49D4-AD1C-D1C1E9646B70}.CheckIn|Any CPU.ActiveCfg = Debug|Any CPU
		{925416F3-36A5-49D4-AD1C-D1C1E9646B70}.CheckIn|Any CPU.Build.0 = Debug|Any CPU
		{925416F3-36A5-49D4-AD1C-D1C1E9646B70}.Debug|Any CPU.ActiveCfg = Debug|Any CPU
		{925416F3-36A5-49D4-AD1C-D1C1E9646B70}.Debug|Any CPU.Build.0 = Debug|Any CPU
		{925416F3-36A5-49D4-AD1C-D1C1E9646B70}.Release|Any CPU.ActiveCfg = Release|Any CPU
		{925416F3-36A5-49D4-AD1C-D1C1E9646B70}.Release|Any CPU.Build.0 = Release|Any CPU
	EndGlobalSection
	GlobalSection(SolutionProperties) = preSolution
		HideSolutionNode = FALSE
	EndGlobalSection
	GlobalSection(NestedProjects) = preSolution
		{789075CD-E90C-4B88-A832-0965A2AAF54F} = {7CCE8047-2EC4-45B2-9541-18A102BDEF4D}
		{CE2F047E-808B-404C-A932-5FB35AEFE026} = {7CCE8047-2EC4-45B2-9541-18A102BDEF4D}
		{D5E02809-2722-45AD-A0D2-CF0CC53BF76E} = {7CCE8047-2EC4-45B2-9541-18A102BDEF4D}
		{8A664A7A-2680-4D46-8D53-3644291428D8} = {83B3A2B2-783F-4AE3-9D71-A71BC7048219}
		{DDF78BAF-7687-4B56-A353-4949AC6CE760} = {83B3A2B2-783F-4AE3-9D71-A71BC7048219}
		{AE7048FC-7656-481C-9EBF-10766DE442F0} = {83B3A2B2-783F-4AE3-9D71-A71BC7048219}
		{7F6ED535-03D8-4EF8-9039-46C30FE17BA4} = {83B3A2B2-783F-4AE3-9D71-A71BC7048219}
		{C8D9247D-43B4-46B9-B3D5-3E60DD1F3CC1} = {83B3A2B2-783F-4AE3-9D71-A71BC7048219}
		{3680E163-E169-47E7-AD20-F8D5CC27277A} = {83B3A2B2-783F-4AE3-9D71-A71BC7048219}
		{88435DBE-0178-4539-B9FC-9711DA2F8553} = {83B3A2B2-783F-4AE3-9D71-A71BC7048219}
		{FEAAB208-1942-47F4-A9A2-791DE06B53AC} = {83B3A2B2-783F-4AE3-9D71-A71BC7048219}
		{A16B8F15-CB20-4332-95EA-F2185E1D3C66} = {83B3A2B2-783F-4AE3-9D71-A71BC7048219}
		{600BB54C-B788-4729-A3EA-1A502D1A6FC4} = {83B3A2B2-783F-4AE3-9D71-A71BC7048219}
		{C9FC7DC3-717F-4BBC-832F-BF01D05E121F} = {83B3A2B2-783F-4AE3-9D71-A71BC7048219}
		{F16D35B3-1C57-4D90-8CF9-F3315B5AE7A4} = {83B3A2B2-783F-4AE3-9D71-A71BC7048219}
		{C50A4128-9C50-4895-B481-DEFB38B4B841} = {83B3A2B2-783F-4AE3-9D71-A71BC7048219}
		{824BCE95-A485-44DF-93AB-D659D23C18E2} = {83B3A2B2-783F-4AE3-9D71-A71BC7048219}
		{3AD845FD-04F2-42E1-8282-CBB96EB343DB} = {83B3A2B2-783F-4AE3-9D71-A71BC7048219}
		{08A81680-2E5C-455C-B93A-63A3A222E49E} = {83B3A2B2-783F-4AE3-9D71-A71BC7048219}
		{FE2E2D10-D5E9-4C1F-A0C8-68324A168E7F} = {83B3A2B2-783F-4AE3-9D71-A71BC7048219}
		{A895D70C-B85E-4F33-B6C1-28D8F4ECC37E} = {83B3A2B2-783F-4AE3-9D71-A71BC7048219}
		{9CD63D40-9ADD-4B7A-A214-D3E3AEA45A84} = {83B3A2B2-783F-4AE3-9D71-A71BC7048219}
		{9E8E74BF-995D-4298-B96F-DD72DBB23942} = {83B3A2B2-783F-4AE3-9D71-A71BC7048219}
		{C0F72FCA-84AC-4E28-8A6A-742E2696F415} = {83B3A2B2-783F-4AE3-9D71-A71BC7048219}
		{3310375B-A5CA-47E6-B925-87208B6750AD} = {83B3A2B2-783F-4AE3-9D71-A71BC7048219}
		{6F372600-EADC-4736-B763-3F5F67D24A76} = {83B3A2B2-783F-4AE3-9D71-A71BC7048219}
		{4BF0F80D-E978-46DD-95E2-B2176373A2B1} = {83B3A2B2-783F-4AE3-9D71-A71BC7048219}
		{925416F3-36A5-49D4-AD1C-D1C1E9646B70} = {83B3A2B2-783F-4AE3-9D71-A71BC7048219}
	EndGlobalSection
	GlobalSection(ExtensibilityGlobals) = postSolution
		SolutionGuid = {9C66A829-05B5-4D8E-A92B-34E25B715B29}
	EndGlobalSection
EndGlobal
